
Microsoft Visual Studio Solution File, Format Version 12.00
# Visual Studio Version 17
VisualStudioVersion = 17.6.33829.357
MinimumVisualStudioVersion = 10.0.40219.1
Project("{9A19103F-16F7-4668-BE54-9A1E7A4F7556}") = "DVLD", "DVLD.csproj", "{5A0E83B4-04D8-4E64-86A2-B73C5486CE66}"
EndProject
Project("{9A19103F-16F7-4668-BE54-9A1E7A4F7556}") = "DVLD_Buisness", "..\DVLD_Buisness\DVLD_Buisness.csproj", "{CE61BB63-9A17-4CFA-89D7-FF4EAFA4D57F}"
EndProject
Project("{9A19103F-16F7-4668-BE54-9A1E7A4F7556}") = "DVLD_DataAccess", "..\DVLD_DataAccess\DVLD_DataAccess.csproj", "{150D8953-076F-4848-BCBE-D4A5F5E88F0B}"
EndProject
Project("{9A19103F-16F7-4668-BE54-9A1E7A4F7556}") = "Sahred", "..\Sahred\Sahred.csproj", "{E0A15612-4D06-41A5-A520-DAC65F27B77A}"
EndProject
Global
	GlobalSection(SolutionConfigurationPlatforms) = preSolution
		Debug|Any CPU = Debug|Any CPU
		Release|Any CPU = Release|Any CPU
	EndGlobalSection
	GlobalSection(ProjectConfigurationPlatforms) = postSolution
		{5A0E83B4-04D8-4E64-86A2-B73C5486CE66}.Debug|Any CPU.ActiveCfg = Debug|Any CPU
		{5A0E83B4-04D8-4E64-86A2-B73C5486CE66}.Debug|Any CPU.Build.0 = Debug|Any CPU
		{5A0E83B4-04D8-4E64-86A2-B73C5486CE66}.Release|Any CPU.ActiveCfg = Release|Any CPU
		{5A0E83B4-04D8-4E64-86A2-B73C5486CE66}.Release|Any CPU.Build.0 = Release|Any CPU
		{CE61BB63-9A17-4CFA-89D7-FF4EAFA4D57F}.Debug|Any CPU.ActiveCfg = Debug|Any CPU
		{CE61BB63-9A17-4CFA-89D7-FF4EAFA4D57F}.Debug|Any CPU.Build.0 = Debug|Any CPU
		{CE61BB63-9A17-4CFA-89D7-FF4EAFA4D57F}.Release|Any CPU.ActiveCfg = Release|Any CPU
		{CE61BB63-9A17-4CFA-89D7-FF4EAFA4D57F}.Release|Any CPU.Build.0 = Release|Any CPU
		{150D8953-076F-4848-BCBE-D4A5F5E88F0B}.Debug|Any CPU.ActiveCfg = Debug|Any CPU
		{150D8953-076F-4848-BCBE-D4A5F5E88F0B}.Debug|Any CPU.Build.0 = Debug|Any CPU
		{150D8953-076F-4848-BCBE-D4A5F5E88F0B}.Release|Any CPU.ActiveCfg = Release|Any CPU
		{150D8953-076F-4848-BCBE-D4A5F5E88F0B}.Release|Any CPU.Build.0 = Release|Any CPU
		{E0A15612-4D06-41A5-A520-DAC65F27B77A}.Debug|Any CPU.ActiveCfg = Debug|Any CPU
		{E0A15612-4D06-41A5-A520-DAC65F27B77A}.Debug|Any CPU.Build.0 = Debug|Any CPU
		{E0A15612-4D06-41A5-A520-DAC65F27B77A}.Release|Any CPU.ActiveCfg = Release|Any CPU
		{E0A15612-4D06-41A5-A520-DAC65F27B77A}.Release|Any CPU.Build.0 = Release|Any CPU
	EndGlobalSection
	GlobalSection(SolutionProperties) = preSolution
		HideSolutionNode = FALSE
	EndGlobalSection
	GlobalSection(ExtensibilityGlobals) = postSolution
		SolutionGuid = {7E388251-2B30-48FF-9845-9604166282B5}
	EndGlobalSection
EndGlobal
